// !$*UTF8*$!
{
	archiveVersion = 1;
	classes = {
	};
	objectVersion = 55;
	objects = {

/* Begin PBXBuildFile section */
		C32A318E27905AF800B9DBA8 /* Main.storyboard in Resources */ = {isa = PBXBuildFile; fileRef = C32A318C27905AF700B9DBA8 /* Main.storyboard */; };
		C32A31902790EA1100B9DBA8 /* RegisterVC.swift in Sources */ = {isa = PBXBuildFile; fileRef = C32A318F2790EA1100B9DBA8 /* RegisterVC.swift */; };
		C3D69D0E278EBBEF00C32217 /* AppDelegate.swift in Sources */ = {isa = PBXBuildFile; fileRef = C3D69D0D278EBBEF00C32217 /* AppDelegate.swift */; };
		C3D69D10278EBBEF00C32217 /* SceneDelegate.swift in Sources */ = {isa = PBXBuildFile; fileRef = C3D69D0F278EBBEF00C32217 /* SceneDelegate.swift */; };
		C3D69D17278EBBF300C32217 /* Assets.xcassets in Resources */ = {isa = PBXBuildFile; fileRef = C3D69D16278EBBF300C32217 /* Assets.xcassets */; };
		C3D69D1A278EBBF300C32217 /* LaunchScreen.storyboard in Resources */ = {isa = PBXBuildFile; fileRef = C3D69D18278EBBF300C32217 /* LaunchScreen.storyboard */; };
		C3D69D22278EC39300C32217 /* GoogleService-Info.plist in Resources */ = {isa = PBXBuildFile; fileRef = C3D69D21278EC39300C32217 /* GoogleService-Info.plist */; };
		C3D69D28278EDB8100C32217 /* FirebaseAnalytics in Frameworks */ = {isa = PBXBuildFile; productRef = C3D69D27278EDB8100C32217 /* FirebaseAnalytics */; };
		C3D69D2A278EDB8100C32217 /* FirebaseAuth in Frameworks */ = {isa = PBXBuildFile; productRef = C3D69D29278EDB8100C32217 /* FirebaseAuth */; };
		C3D69D2C278EDB8100C32217 /* FirebaseDatabase in Frameworks */ = {isa = PBXBuildFile; productRef = C3D69D2B278EDB8100C32217 /* FirebaseDatabase */; };
		C3D69D2E278EDB8100C32217 /* FirebaseStorage in Frameworks */ = {isa = PBXBuildFile; productRef = C3D69D2D278EDB8100C32217 /* FirebaseStorage */; };
		C3D69D30278EDC3000C32217 /* LoginVC.swift in Sources */ = {isa = PBXBuildFile; fileRef = C3D69D2F278EDC3000C32217 /* LoginVC.swift */; };
		C3D69D32278EE26F00C32217 /* GroceryListTVC.swift in Sources */ = {isa = PBXBuildFile; fileRef = C3D69D31278EE26F00C32217 /* GroceryListTVC.swift */; };
		C3D69D35278EEDD100C32217 /* DatabaseManager.swift in Sources */ = {isa = PBXBuildFile; fileRef = C3D69D34278EEDD100C32217 /* DatabaseManager.swift */; };
/* End PBXBuildFile section */

/* Begin PBXFileReference section */
		C32A318D27905AF700B9DBA8 /* Base */ = {isa = PBXFileReference; lastKnownFileType = file.storyboard; name = Base; path = Base.lproj/Main.storyboard; sourceTree = "<group>"; };
		C32A318F2790EA1100B9DBA8 /* RegisterVC.swift */ = {isa = PBXFileReference; lastKnownFileType = sourcecode.swift; path = RegisterVC.swift; sourceTree = "<group>"; };
		C3D69D0A278EBBEF00C32217 /* Grocery app BeltExam2.Ahad.app */ = {isa = PBXFileReference; explicitFileType = wrapper.application; includeInIndex = 0; path = "Grocery app BeltExam2.Ahad.app"; sourceTree = BUILT_PRODUCTS_DIR; };
		C3D69D0D278EBBEF00C32217 /* AppDelegate.swift */ = {isa = PBXFileReference; lastKnownFileType = sourcecode.swift; path = AppDelegate.swift; sourceTree = "<group>"; };
		C3D69D0F278EBBEF00C32217 /* SceneDelegate.swift */ = {isa = PBXFileReference; lastKnownFileType = sourcecode.swift; path = SceneDelegate.swift; sourceTree = "<group>"; };
		C3D69D16278EBBF300C32217 /* Assets.xcassets */ = {isa = PBXFileReference; lastKnownFileType = folder.assetcatalog; path = Assets.xcassets; sourceTree = "<group>"; };
		C3D69D19278EBBF300C32217 /* Base */ = {isa = PBXFileReference; lastKnownFileType = file.storyboard; name = Base; path = Base.lproj/LaunchScreen.storyboard; sourceTree = "<group>"; };
		C3D69D1B278EBBF300C32217 /* Info.plist */ = {isa = PBXFileReference; lastKnownFileType = text.plist.xml; path = Info.plist; sourceTree = "<group>"; };
		C3D69D21278EC39300C32217 /* GoogleService-Info.plist */ = {isa = PBXFileReference; fileEncoding = 4; lastKnownFileType = text.plist.xml; path = "GoogleService-Info.plist"; sourceTree = "<group>"; };
		C3D69D2F278EDC3000C32217 /* LoginVC.swift */ = {isa = PBXFileReference; lastKnownFileType = sourcecode.swift; path = LoginVC.swift; sourceTree = "<group>"; };
		C3D69D31278EE26F00C32217 /* GroceryListTVC.swift */ = {isa = PBXFileReference; lastKnownFileType = sourcecode.swift; path = GroceryListTVC.swift; sourceTree = "<group>"; };
		C3D69D34278EEDD100C32217 /* DatabaseManager.swift */ = {isa = PBXFileReference; lastKnownFileType = sourcecode.swift; path = DatabaseManager.swift; sourceTree = "<group>"; };
/* End PBXFileReference section */

/* Begin PBXFrameworksBuildPhase section */
		C3D69D07278EBBEF00C32217 /* Frameworks */ = {
			isa = PBXFrameworksBuildPhase;
			buildActionMask = 2147483647;
			files = (
				C3D69D2C278EDB8100C32217 /* FirebaseDatabase in Frameworks */,
				C3D69D2E278EDB8100C32217 /* FirebaseStorage in Frameworks */,
				C3D69D28278EDB8100C32217 /* FirebaseAnalytics in Frameworks */,
				C3D69D2A278EDB8100C32217 /* FirebaseAuth in Frameworks */,
			);
			runOnlyForDeploymentPostprocessing = 0;
		};
/* End PBXFrameworksBuildPhase section */

/* Begin PBXGroup section */
		C3D69D01278EBBEF00C32217 = {
			isa = PBXGroup;
			children = (
				C3D69D0C278EBBEF00C32217 /* Grocery app BeltExam2.Ahad */,
				C3D69D0B278EBBEF00C32217 /* Products */,
			);
			sourceTree = "<group>";
		};
		C3D69D0B278EBBEF00C32217 /* Products */ = {
			isa = PBXGroup;
			children = (
				C3D69D0A278EBBEF00C32217 /* Grocery app BeltExam2.Ahad.app */,
			);
			name = Products;
			sourceTree = "<group>";
		};
		C3D69D0C278EBBEF00C32217 /* Grocery app BeltExam2.Ahad */ = {
			isa = PBXGroup;
			children = (
				C3D69D0D278EBBEF00C32217 /* AppDelegate.swift */,
				C3D69D0F278EBBEF00C32217 /* SceneDelegate.swift */,
				C32A318C27905AF700B9DBA8 /* Main.storyboard */,
				C3D69D33278EED9700C32217 /* Firebase */,
				C3D69D25278ECF0300C32217 /* Conrollers */,
				C3D69D16278EBBF300C32217 /* Assets.xcassets */,
				C3D69D18278EBBF300C32217 /* LaunchScreen.storyboard */,
				C3D69D1B278EBBF300C32217 /* Info.plist */,
				C3D69D21278EC39300C32217 /* GoogleService-Info.plist */,
			);
			path = "Grocery app BeltExam2.Ahad";
			sourceTree = "<group>";
		};
		C3D69D25278ECF0300C32217 /* Conrollers */ = {
			isa = PBXGroup;
			children = (
				C3D69D2F278EDC3000C32217 /* LoginVC.swift */,
				C3D69D31278EE26F00C32217 /* GroceryListTVC.swift */,
				C32A318F2790EA1100B9DBA8 /* RegisterVC.swift */,
			);
			path = Conrollers;
			sourceTree = "<group>";
		};
		C3D69D33278EED9700C32217 /* Firebase */ = {
			isa = PBXGroup;
			children = (
				C3D69D34278EEDD100C32217 /* DatabaseManager.swift */,
			);
			path = Firebase;
			sourceTree = "<group>";
		};
/* End PBXGroup section */

/* Begin PBXNativeTarget section */
		C3D69D09278EBBEF00C32217 /* Grocery app BeltExam2.Ahad */ = {
			isa = PBXNativeTarget;
			buildConfigurationList = C3D69D1E278EBBF300C32217 /* Build configuration list for PBXNativeTarget "Grocery app BeltExam2.Ahad" */;
			buildPhases = (
				C3D69D06278EBBEF00C32217 /* Sources */,
				C3D69D07278EBBEF00C32217 /* Frameworks */,
				C3D69D08278EBBEF00C32217 /* Resources */,
			);
			buildRules = (
			);
			dependencies = (
			);
			name = "Grocery app BeltExam2.Ahad";
			packageProductDependencies = (
				C3D69D27278EDB8100C32217 /* FirebaseAnalytics */,
				C3D69D29278EDB8100C32217 /* FirebaseAuth */,
				C3D69D2B278EDB8100C32217 /* FirebaseDatabase */,
				C3D69D2D278EDB8100C32217 /* FirebaseStorage */,
			);
			productName = "Grocery app BeltExam2.Ahad";
			productReference = C3D69D0A278EBBEF00C32217 /* Grocery app BeltExam2.Ahad.app */;
			productType = "com.apple.product-type.application";
		};
/* End PBXNativeTarget section */

/* Begin PBXProject section */
		C3D69D02278EBBEF00C32217 /* Project object */ = {
			isa = PBXProject;
			attributes = {
				BuildIndependentTargetsInParallel = 1;
				LastSwiftUpdateCheck = 1320;
				LastUpgradeCheck = 1320;
				TargetAttributes = {
					C3D69D09278EBBEF00C32217 = {
						CreatedOnToolsVersion = 13.2.1;
					};
				};
			};
			buildConfigurationList = C3D69D05278EBBEF00C32217 /* Build configuration list for PBXProject "Grocery app BeltExam2.Ahad" */;
			compatibilityVersion = "Xcode 13.0";
			developmentRegion = en;
			hasScannedForEncodings = 0;
			knownRegions = (
				en,
				Base,
			);
			mainGroup = C3D69D01278EBBEF00C32217;
			packageReferences = (
				C3D69D26278EDB8100C32217 /* XCRemoteSwiftPackageReference "firebase-ios-sdk" */,
			);
			productRefGroup = C3D69D0B278EBBEF00C32217 /* Products */;
			projectDirPath = "";
			projectRoot = "";
			targets = (
				C3D69D09278EBBEF00C32217 /* Grocery app BeltExam2.Ahad */,
			);
		};
/* End PBXProject section */

/* Begin PBXResourcesBuildPhase section */
		C3D69D08278EBBEF00C32217 /* Resources */ = {
			isa = PBXResourcesBuildPhase;
			buildActionMask = 2147483647;
			files = (
				C3D69D1A278EBBF300C32217 /* LaunchScreen.storyboard in Resources */,
				C3D69D22278EC39300C32217 /* GoogleService-Info.plist in Resources */,
				C3D69D17278EBBF300C32217 /* Assets.xcassets in Resources */,
				C32A318E27905AF800B9DBA8 /* Main.storyboard in Resources */,
			);
			runOnlyForDeploymentPostprocessing = 0;
		};
/* End PBXResourcesBuildPhase section */

/* Begin PBXSourcesBuildPhase section */
		C3D69D06278EBBEF00C32217 /* Sources */ = {
			isa = PBXSourcesBuildPhase;
			buildActionMask = 2147483647;
			files = (
				C3D69D0E278EBBEF00C32217 /* AppDelegate.swift in Sources */,
				C3D69D30278EDC3000C32217 /* LoginVC.swift in Sources */,
				C3D69D35278EEDD100C32217 /* DatabaseManager.swift in Sources */,
				C32A31902790EA1100B9DBA8 /* RegisterVC.swift in Sources */,
				C3D69D10278EBBEF00C32217 /* SceneDelegate.swift in Sources */,
				C3D69D32278EE26F00C32217 /* GroceryListTVC.swift in Sources */,
			);
			runOnlyForDeploymentPostprocessing = 0;
		};
/* End PBXSourcesBuildPhase section */

/* Begin PBXVariantGroup section */
		C32A318C27905AF700B9DBA8 /* Main.storyboard */ = {
			isa = PBXVariantGroup;
			children = (
				C32A318D27905AF700B9DBA8 /* Base */,
			);
			name = Main.storyboard;
			sourceTree = "<group>";
		};
		C3D69D18278EBBF300C32217 /* LaunchScreen.storyboard */ = {
			isa = PBXVariantGroup;
			children = (
				C3D69D19278EBBF300C32217 /* Base */,
			);
			name = LaunchScreen.storyboard;
			sourceTree = "<group>";
		};
/* End PBXVariantGroup section */

/* Begin XCBuildConfiguration section */
		C3D69D1C278EBBF300C32217 /* Debug */ = {
			isa = XCBuildConfiguration;
			buildSettings = {
				ALWAYS_SEARCH_USER_PATHS = NO;
				CLANG_ANALYZER_NONNULL = YES;
				CLANG_ANALYZER_NUMBER_OBJECT_CONVERSION = YES_AGGRESSIVE;
				CLANG_CXX_LANGUAGE_STANDARD = "gnu++17";
				CLANG_CXX_LIBRARY = "libc++";
				CLANG_ENABLE_MODULES = YES;
				CLANG_ENABLE_OBJC_ARC = YES;
				CLANG_ENABLE_OBJC_WEAK = YES;
				CLANG_WARN_BLOCK_CAPTURE_AUTORELEASING = YES;
				CLANG_WARN_BOOL_CONVERSION = YES;
				CLANG_WARN_COMMA = YES;
				CLANG_WARN_CONSTANT_CONVERSION = YES;
				CLANG_WARN_DEPRECATED_OBJC_IMPLEMENTATIONS = YES;
				CLANG_WARN_DIRECT_OBJC_ISA_USAGE = YES_ERROR;
				CLANG_WARN_DOCUMENTATION_COMMENTS = YES;
				CLANG_WARN_EMPTY_BODY = YES;
				CLANG_WARN_ENUM_CONVERSION = YES;
				CLANG_WARN_INFINITE_RECURSION = YES;
				CLANG_WARN_INT_CONVERSION = YES;
				CLANG_WARN_NON_LITERAL_NULL_CONVERSION = YES;
				CLANG_WARN_OBJC_IMPLICIT_RETAIN_SELF = YES;
				CLANG_WARN_OBJC_LITERAL_CONVERSION = YES;
				CLANG_WARN_OBJC_ROOT_CLASS = YES_ERROR;
				CLANG_WARN_QUOTED_INCLUDE_IN_FRAMEWORK_HEADER = YES;
				CLANG_WARN_RANGE_LOOP_ANALYSIS = YES;
				CLANG_WARN_STRICT_PROTOTYPES = YES;
				CLANG_WARN_SUSPICIOUS_MOVE = YES;
				CLANG_WARN_UNGUARDED_AVAILABILITY = YES_AGGRESSIVE;
				CLANG_WARN_UNREACHABLE_CODE = YES;
				CLANG_WARN__DUPLICATE_METHOD_MATCH = YES;
				COPY_PHASE_STRIP = NO;
				DEBUG_INFORMATION_FORMAT = dwarf;
				ENABLE_STRICT_OBJC_MSGSEND = YES;
				ENABLE_TESTABILITY = YES;
				GCC_C_LANGUAGE_STANDARD = gnu11;
				GCC_DYNAMIC_NO_PIC = NO;
				GCC_NO_COMMON_BLOCKS = YES;
				GCC_OPTIMIZATION_LEVEL = 0;
				GCC_PREPROCESSOR_DEFINITIONS = (
					"DEBUG=1",
					"$(inherited)",
				);
				GCC_WARN_64_TO_32_BIT_CONVERSION = YES;
				GCC_WARN_ABOUT_RETURN_TYPE = YES_ERROR;
				GCC_WARN_UNDECLARED_SELECTOR = YES;
				GCC_WARN_UNINITIALIZED_AUTOS = YES_AGGRESSIVE;
				GCC_WARN_UNUSED_FUNCTION = YES;
				GCC_WARN_UNUSED_VARIABLE = YES;
				IPHONEOS_DEPLOYMENT_TARGET = 15.2;
				MTL_ENABLE_DEBUG_INFO = INCLUDE_SOURCE;
				MTL_FAST_MATH = YES;
				ONLY_ACTIVE_ARCH = YES;
				SDKROOT = iphoneos;
				SWIFT_ACTIVE_COMPILATION_CONDITIONS = DEBUG;
				SWIFT_OPTIMIZATION_LEVEL = "-Onone";
			};
			name = Debug;
		};
		C3D69D1D278EBBF300C32217 /* Release */ = {
			isa = XCBuildConfiguration;
			buildSettings = {
				ALWAYS_SEARCH_USER_PATHS = NO;
				CLANG_ANALYZER_NONNULL = YES;
				CLANG_ANALYZER_NUMBER_OBJECT_CONVERSION = YES_AGGRESSIVE;
				CLANG_CXX_LANGUAGE_STANDARD = "gnu++17";
				CLANG_CXX_LIBRARY = "libc++";
				CLANG_ENABLE_MODULES = YES;
				CLANG_ENABLE_OBJC_ARC = YES;
				CLANG_ENABLE_OBJC_WEAK = YES;
				CLANG_WARN_BLOCK_CAPTURE_AUTORELEASING = YES;
				CLANG_WARN_BOOL_CONVERSION = YES;
				CLANG_WARN_COMMA = YES;
				CLANG_WARN_CONSTANT_CONVERSION = YES;
				CLANG_WARN_DEPRECATED_OBJC_IMPLEMENTATIONS = YES;
				CLANG_WARN_DIRECT_OBJC_ISA_USAGE = YES_ERROR;
				CLANG_WARN_DOCUMENTATION_COMMENTS = YES;
				CLANG_WARN_EMPTY_BODY = YES;
				CLANG_WARN_ENUM_CONVERSION = YES;
				CLANG_WARN_INFINITE_RECURSION = YES;
				CLANG_WARN_INT_CONVERSION = YES;
				CLANG_WARN_NON_LITERAL_NULL_CONVERSION = YES;
				CLANG_WARN_OBJC_IMPLICIT_RETAIN_SELF = YES;
				CLANG_WARN_OBJC_LITERAL_CONVERSION = YES;
				CLANG_WARN_OBJC_ROOT_CLASS = YES_ERROR;
				CLANG_WARN_QUOTED_INCLUDE_IN_FRAMEWORK_HEADER = YES;
				CLANG_WARN_RANGE_LOOP_ANALYSIS = YES;
				CLANG_WARN_STRICT_PROTOTYPES = YES;
				CLANG_WARN_SUSPICIOUS_MOVE = YES;
				CLANG_WARN_UNGUARDED_AVAILABILITY = YES_AGGRESSIVE;
				CLANG_WARN_UNREACHABLE_CODE = YES;
				CLANG_WARN__DUPLICATE_METHOD_MATCH = YES;
				COPY_PHASE_STRIP = NO;
				DEBUG_INFORMATION_FORMAT = "dwarf-with-dsym";
				ENABLE_NS_ASSERTIONS = NO;
				ENABLE_STRICT_OBJC_MSGSEND = YES;
				GCC_C_LANGUAGE_STANDARD = gnu11;
				GCC_NO_COMMON_BLOCKS = YES;
				GCC_WARN_64_TO_32_BIT_CONVERSION = YES;
				GCC_WARN_ABOUT_RETURN_TYPE = YES_ERROR;
				GCC_WARN_UNDECLARED_SELECTOR = YES;
				GCC_WARN_UNINITIALIZED_AUTOS = YES_AGGRESSIVE;
				GCC_WARN_UNUSED_FUNCTION = YES;
				GCC_WARN_UNUSED_VARIABLE = YES;
				IPHONEOS_DEPLOYMENT_TARGET = 15.2;
				MTL_ENABLE_DEBUG_INFO = NO;
				MTL_FAST_MATH = YES;
				SDKROOT = iphoneos;
				SWIFT_COMPILATION_MODE = wholemodule;
				SWIFT_OPTIMIZATION_LEVEL = "-O";
				VALIDATE_PRODUCT = YES;
			};
			name = Release;
		};
		C3D69D1F278EBBF300C32217 /* Debug */ = {
			isa = XCBuildConfiguration;
			buildSettings = {
				ASSETCATALOG_COMPILER_APPICON_NAME = AppIcon;
				ASSETCATALOG_COMPILER_GLOBAL_ACCENT_COLOR_NAME = AccentColor;
				CODE_SIGN_STYLE = Automatic;
				CURRENT_PROJECT_VERSION = 1;
				GENERATE_INFOPLIST_FILE = YES;
				INFOPLIST_FILE = "Grocery app BeltExam2.Ahad/Info.plist";
				INFOPLIST_KEY_UIApplicationSupportsIndirectInputEvents = YES;
				INFOPLIST_KEY_UILaunchStoryboardName = LaunchScreen;
				INFOPLIST_KEY_UIMainStoryboardFile = Main;
				INFOPLIST_KEY_UISupportedInterfaceOrientations = "UIInterfaceOrientationPortrait UIInterfaceOrientationLandscapeLeft UIInterfaceOrientationLandscapeRight";
				INFOPLIST_KEY_UISupportedInterfaceOrientations_iPad = "UIInterfaceOrientationPortrait UIInterfaceOrientationPortraitUpsideDown UIInterfaceOrientationLandscapeLeft UIInterfaceOrientationLandscapeRight";
				INFOPLIST_KEY_UISupportedInterfaceOrientations_iPhone = "UIInterfaceOrientationPortrait UIInterfaceOrientationLandscapeLeft UIInterfaceOrientationLandscapeRight";
				LD_RUNPATH_SEARCH_PATHS = (
					"$(inherited)",
					"@executable_path/Frameworks",
				);
				MARKETING_VERSION = 1.0;
				PRODUCT_BUNDLE_IDENTIFIER = "ahad.Grocery-app-BeltExam2-Ahad";
				PRODUCT_NAME = "$(TARGET_NAME)";
				SWIFT_EMIT_LOC_STRINGS = YES;
				SWIFT_VERSION = 5.0;
				TARGETED_DEVICE_FAMILY = "1,2";
			};
			name = Debug;
		};
		C3D69D20278EBBF300C32217 /* Release */ = {
			isa = XCBuildConfiguration;
			buildSettings = {
				ASSETCATALOG_COMPILER_APPICON_NAME = AppIcon;
				ASSETCATALOG_COMPILER_GLOBAL_ACCENT_COLOR_NAME = AccentColor;
				CODE_SIGN_STYLE = Automatic;
				CURRENT_PROJECT_VERSION = 1;
				GENERATE_INFOPLIST_FILE = YES;
				INFOPLIST_FILE = "Grocery app BeltExam2.Ahad/Info.plist";
				INFOPLIST_KEY_UIApplicationSupportsIndirectInputEvents = YES;
				INFOPLIST_KEY_UILaunchStoryboardName = LaunchScreen;
				INFOPLIST_KEY_UIMainStoryboardFile = Main;
				INFOPLIST_KEY_UISupportedInterfaceOrientations = "UIInterfaceOrientationPortrait UIInterfaceOrientationLandscapeLeft UIInterfaceOrientationLandscapeRight";
				INFOPLIST_KEY_UISupportedInterfaceOrientations_iPad = "UIInterfaceOrientationPortrait UIInterfaceOrientationPortraitUpsideDown UIInterfaceOrientationLandscapeLeft UIInterfaceOrientationLandscapeRight";
				INFOPLIST_KEY_UISupportedInterfaceOrientations_iPhone = "UIInterfaceOrientationPortrait UIInterfaceOrientationLandscapeLeft UIInterfaceOrientationLandscapeRight";
				LD_RUNPATH_SEARCH_PATHS = (
					"$(inherited)",
					"@executable_path/Frameworks",
				);
				MARKETING_VERSION = 1.0;
				PRODUCT_BUNDLE_IDENTIFIER = "ahad.Grocery-app-BeltExam2-Ahad";
				PRODUCT_NAME = "$(TARGET_NAME)";
				SWIFT_EMIT_LOC_STRINGS = YES;
				SWIFT_VERSION = 5.0;
				TARGETED_DEVICE_FAMILY = "1,2";
			};
			name = Release;
		};
/* End XCBuildConfiguration section */

/* Begin XCConfigurationList section */
		C3D69D05278EBBEF00C32217 /* Build configuration list for PBXProject "Grocery app BeltExam2.Ahad" */ = {
			isa = XCConfigurationList;
			buildConfigurations = (
				C3D69D1C278EBBF300C32217 /* Debug */,
				C3D69D1D278EBBF300C32217 /* Release */,
			);
			defaultConfigurationIsVisible = 0;
			defaultConfigurationName = Release;
		};
		C3D69D1E278EBBF300C32217 /* Build configuration list for PBXNativeTarget "Grocery app BeltExam2.Ahad" */ = {
			isa = XCConfigurationList;
			buildConfigurations = (
				C3D69D1F278EBBF300C32217 /* Debug */,
				C3D69D20278EBBF300C32217 /* Release */,
			);
			defaultConfigurationIsVisible = 0;
			defaultConfigurationName = Release;
		};
/* End XCConfigurationList section */

/* Begin XCRemoteSwiftPackageReference section */
		C3D69D26278EDB8100C32217 /* XCRemoteSwiftPackageReference "firebase-ios-sdk" */ = {
			isa = XCRemoteSwiftPackageReference;
			repositoryURL = "https://github.com/firebase/firebase-ios-sdk";
			requirement = {
				branch = master;
				kind = branch;
			};
		};
/* End XCRemoteSwiftPackageReference section */

/* Begin XCSwiftPackageProductDependency section */
		C3D69D27278EDB8100C32217 /* FirebaseAnalytics */ = {
			isa = XCSwiftPackageProductDependency;
			package = C3D69D26278EDB8100C32217 /* XCRemoteSwiftPackageReference "firebase-ios-sdk" */;
			productName = FirebaseAnalytics;
		};
		C3D69D29278EDB8100C32217 /* FirebaseAuth */ = {
			isa = XCSwiftPackageProductDependency;
			package = C3D69D26278EDB8100C32217 /* XCRemoteSwiftPackageReference "firebase-ios-sdk" */;
			productName = FirebaseAuth;
		};
		C3D69D2B278EDB8100C32217 /* FirebaseDatabase */ = {
			isa = XCSwiftPackageProductDependency;
			package = C3D69D26278EDB8100C32217 /* XCRemoteSwiftPackageReference "firebase-ios-sdk" */;
			productName = FirebaseDatabase;
		};
		C3D69D2D278EDB8100C32217 /* FirebaseStorage */ = {
			isa = XCSwiftPackageProductDependency;
			package = C3D69D26278EDB8100C32217 /* XCRemoteSwiftPackageReference "firebase-ios-sdk" */;
			productName = FirebaseStorage;
		};
/* End XCSwiftPackageProductDependency section */
	};
	rootObject = C3D69D02278EBBEF00C32217 /* Project object */;
}
